
Microsoft Visual Studio Solution File, Format Version 12.00
# Visual Studio Version 17
VisualStudioVersion = 17.11.35222.181
MinimumVisualStudioVersion = 10.0.40219.1
Project("{FAE04EC0-301F-11D3-BF4B-00C04F79EFBC}") = "WebApi", "WebApi\WebApi.csproj", "{D15F1AA9-6BC9-4F0B-A18C-80A1037D2B01}"
EndProject
Global
	GlobalSection(SolutionConfigurationPlatforms) = preSolution
		Debug|Any CPU = Debug|Any CPU
		Release|Any CPU = Release|Any CPU
	EndGlobalSection
	GlobalSection(ProjectConfigurationPlatforms) = postSolution
		{D15F1AA9-6BC9-4F0B-A18C-80A1037D2B01}.Debug|Any CPU.ActiveCfg = Debug|Any CPU
		{D15F1AA9-6BC9-4F0B-A18C-80A1037D2B01}.Debug|Any CPU.Build.0 = Debug|Any CPU
		{D15F1AA9-6BC9-4F0B-A18C-80A1037D2B01}.Release|Any CPU.ActiveCfg = Release|Any CPU
		{D15F1AA9-6BC9-4F0B-A18C-80A1037D2B01}.Release|Any CPU.Build.0 = Release|Any CPU
	EndGlobalSection
	GlobalSection(SolutionProperties) = preSolution
		HideSolutionNode = FALSE
	EndGlobalSection
	GlobalSection(ExtensibilityGlobals) = postSolution
		SolutionGuid = {A88F3BEC-BEA5-4502-AF74-E860BEDFEE4A}
	EndGlobalSection
EndGlobal
